// !$*UTF8*$!
{
	archiveVersion = 1;
	classes = {
	};
	objectVersion = 46;
	objects = {

/* Begin PBXBuildFile section */
		4682C700DA255FE09227B1FC /* Pods.framework in Frameworks */ = {isa = PBXBuildFile; fileRef = CC0FC88CB1475B41DF71C662 /* Pods.framework */; settings = {ATTRIBUTES = (Weak, ); }; };
		5701E7CD1AF6733D0021547D /* MapKit.framework in Frameworks */ = {isa = PBXBuildFile; fileRef = 5701E7CC1AF6733D0021547D /* MapKit.framework */; };
		5701E7CF1AF678C30021547D /* ProjectExtensions.swift in Sources */ = {isa = PBXBuildFile; fileRef = 5701E7CE1AF678C30021547D /* ProjectExtensions.swift */; };
		5701E7D11AF67A080021547D /* Utils.swift in Sources */ = {isa = PBXBuildFile; fileRef = 5701E7D01AF67A080021547D /* Utils.swift */; };
		5701E7D31AF67A920021547D /* Config.swift in Sources */ = {isa = PBXBuildFile; fileRef = 5701E7D21AF67A920021547D /* Config.swift */; };
		570822851AF7FBCD007B09C3 /* SettingsViewController.swift in Sources */ = {isa = PBXBuildFile; fileRef = 570822841AF7FBCD007B09C3 /* SettingsViewController.swift */; };
		571539991B03FDC200EE390D /* FoursquareLocationDTO.swift in Sources */ = {isa = PBXBuildFile; fileRef = 571539981B03FDC200EE390D /* FoursquareLocationDTO.swift */; };
		5715399B1B04003400EE390D /* FoursquarePhotoDTO.swift in Sources */ = {isa = PBXBuildFile; fileRef = 5715399A1B04003400EE390D /* FoursquarePhotoDTO.swift */; };
		572E66621AF80F7600591A48 /* UserSettings.swift in Sources */ = {isa = PBXBuildFile; fileRef = 572E66611AF80F7600591A48 /* UserSettings.swift */; };
		5750D8F51AF82ADD00D93191 /* DiscoverMapViewController.swift in Sources */ = {isa = PBXBuildFile; fileRef = 5750D8F41AF82ADD00D93191 /* DiscoverMapViewController.swift */; };
		5750D8F81AF93C7500D93191 /* CDReference.swift in Sources */ = {isa = PBXBuildFile; fileRef = 5750D8F71AF93C7500D93191 /* CDReference.swift */; };
		5750D8FB1AF93CA900D93191 /* SocialExplorerModel.xcdatamodeld in Sources */ = {isa = PBXBuildFile; fileRef = 5750D8F91AF93CA900D93191 /* SocialExplorerModel.xcdatamodeld */; };
		5750D8FF1AF93D6400D93191 /* CoreDataStackManager.swift in Sources */ = {isa = PBXBuildFile; fileRef = 5750D8FE1AF93D6400D93191 /* CoreDataStackManager.swift */; };
		5750D9021AF94B7300D93191 /* ReferenceViewController.swift in Sources */ = {isa = PBXBuildFile; fileRef = 5750D9011AF94B7300D93191 /* ReferenceViewController.swift */; };
		5750D9041AF96D3500D93191 /* UIKitExtensions.swift in Sources */ = {isa = PBXBuildFile; fileRef = 5750D9031AF96D3500D93191 /* UIKitExtensions.swift */; };
		5750D90B1AF97AF400D93191 /* InstagramClient.swift in Sources */ = {isa = PBXBuildFile; fileRef = 5750D90A1AF97AF400D93191 /* InstagramClient.swift */; };
		5750D90D1AF9831300D93191 /* FoundationExtensions.swift in Sources */ = {isa = PBXBuildFile; fileRef = 5750D90C1AF9831300D93191 /* FoundationExtensions.swift */; };
		575510F01B0013AB0065C834 /* PinAnnotation.swift in Sources */ = {isa = PBXBuildFile; fileRef = 575510EF1B0013AB0065C834 /* PinAnnotation.swift */; };
		577D70BD1B014FA9009CF1D1 /* MediaViewController.swift in Sources */ = {isa = PBXBuildFile; fileRef = 577D70BC1B014FA8009CF1D1 /* MediaViewController.swift */; };
		57ADE41A1AF6725A004C3690 /* AppDelegate.swift in Sources */ = {isa = PBXBuildFile; fileRef = 57ADE4191AF6725A004C3690 /* AppDelegate.swift */; };
		57ADE41C1AF6725A004C3690 /* FirstViewController.swift in Sources */ = {isa = PBXBuildFile; fileRef = 57ADE41B1AF6725A004C3690 /* FirstViewController.swift */; };
		57ADE41F1AF6725A004C3690 /* Main.storyboard in Resources */ = {isa = PBXBuildFile; fileRef = 57ADE41D1AF6725A004C3690 /* Main.storyboard */; };
		57ADE4211AF6725A004C3690 /* Images.xcassets in Resources */ = {isa = PBXBuildFile; fileRef = 57ADE4201AF6725A004C3690 /* Images.xcassets */; };
		57ADE4241AF6725A004C3690 /* LaunchScreen.xib in Resources */ = {isa = PBXBuildFile; fileRef = 57ADE4221AF6725A004C3690 /* LaunchScreen.xib */; };
		57ADE4301AF6725A004C3690 /* SocialExplorerTests.swift in Sources */ = {isa = PBXBuildFile; fileRef = 57ADE42F1AF6725A004C3690 /* SocialExplorerTests.swift */; };
		57BD6FAC1B03A6E9005765C4 /* FavoriteViewController.swift in Sources */ = {isa = PBXBuildFile; fileRef = 57BD6FAB1B03A6E9005765C4 /* FavoriteViewController.swift */; };
		57BD6FAF1B03A718005765C4 /* FavoriteTableViewCell.swift in Sources */ = {isa = PBXBuildFile; fileRef = 57BD6FAE1B03A718005765C4 /* FavoriteTableViewCell.swift */; };
		57BD6FB11B03CD6C005765C4 /* FoursquareClient.swift in Sources */ = {isa = PBXBuildFile; fileRef = 57BD6FB01B03CD6C005765C4 /* FoursquareClient.swift */; };
		57BD6FB31B03CDDF005765C4 /* BaseSocialClient.swift in Sources */ = {isa = PBXBuildFile; fileRef = 57BD6FB21B03CDDF005765C4 /* BaseSocialClient.swift */; };
		57D2C1B01AFABB46006C3C61 /* CDMedia.swift in Sources */ = {isa = PBXBuildFile; fileRef = 57D2C1AF1AFABB46006C3C61 /* CDMedia.swift */; };
		57D2C1E61AFCF6F4006C3C61 /* InstagramLocationDTO.swift in Sources */ = {isa = PBXBuildFile; fileRef = 57D2C1E51AFCF6F4006C3C61 /* InstagramLocationDTO.swift */; };
		57D2C1E91AFD07C2006C3C61 /* ErrorUtils.swift in Sources */ = {isa = PBXBuildFile; fileRef = 57D2C1E81AFD07C2006C3C61 /* ErrorUtils.swift */; };
		57D2C1EB1AFD0BC1006C3C61 /* InstagramMediaDTO.swift in Sources */ = {isa = PBXBuildFile; fileRef = 57D2C1EA1AFD0BC1006C3C61 /* InstagramMediaDTO.swift */; };
		57D2C1ED1AFD7339006C3C61 /* CDLocation.swift in Sources */ = {isa = PBXBuildFile; fileRef = 57D2C1EC1AFD7339006C3C61 /* CDLocation.swift */; };
		57D2C1EF1AFE3ADB006C3C61 /* SyncManager.swift in Sources */ = {isa = PBXBuildFile; fileRef = 57D2C1EE1AFE3ADB006C3C61 /* SyncManager.swift */; };
		57DC7EBC1B00E6C7004C6FF6 /* MediaTableViewCell.swift in Sources */ = {isa = PBXBuildFile; fileRef = 57DC7EBB1B00E6C7004C6FF6 /* MediaTableViewCell.swift */; };
		57DC7EC11B00EDF1004C6FF6 /* Coordenable.swift in Sources */ = {isa = PBXBuildFile; fileRef = 57DC7EC01B00EDF1004C6FF6 /* Coordenable.swift */; };
/* End PBXBuildFile section */

/* Begin PBXContainerItemProxy section */
		57ADE42A1AF6725A004C3690 /* PBXContainerItemProxy */ = {
			isa = PBXContainerItemProxy;
			containerPortal = 57ADE40C1AF67259004C3690 /* Project object */;
			proxyType = 1;
			remoteGlobalIDString = 57ADE4131AF67259004C3690;
			remoteInfo = SocialExplorer;
		};
/* End PBXContainerItemProxy section */

/* Begin PBXFileReference section */
		5701E7CC1AF6733D0021547D /* MapKit.framework */ = {isa = PBXFileReference; lastKnownFileType = wrapper.framework; name = MapKit.framework; path = System/Library/Frameworks/MapKit.framework; sourceTree = SDKROOT; };
		5701E7CE1AF678C30021547D /* ProjectExtensions.swift */ = {isa = PBXFileReference; fileEncoding = 4; lastKnownFileType = sourcecode.swift; path = ProjectExtensions.swift; sourceTree = "<group>"; };
		5701E7D01AF67A080021547D /* Utils.swift */ = {isa = PBXFileReference; fileEncoding = 4; lastKnownFileType = sourcecode.swift; path = Utils.swift; sourceTree = "<group>"; };
		5701E7D21AF67A920021547D /* Config.swift */ = {isa = PBXFileReference; fileEncoding = 4; lastKnownFileType = sourcecode.swift; path = Config.swift; sourceTree = "<group>"; };
		570822841AF7FBCD007B09C3 /* SettingsViewController.swift */ = {isa = PBXFileReference; fileEncoding = 4; lastKnownFileType = sourcecode.swift; path = SettingsViewController.swift; sourceTree = "<group>"; };
		571539981B03FDC200EE390D /* FoursquareLocationDTO.swift */ = {isa = PBXFileReference; fileEncoding = 4; lastKnownFileType = sourcecode.swift; path = FoursquareLocationDTO.swift; sourceTree = "<group>"; };
		5715399A1B04003400EE390D /* FoursquarePhotoDTO.swift */ = {isa = PBXFileReference; fileEncoding = 4; lastKnownFileType = sourcecode.swift; path = FoursquarePhotoDTO.swift; sourceTree = "<group>"; };
		572E66611AF80F7600591A48 /* UserSettings.swift */ = {isa = PBXFileReference; fileEncoding = 4; lastKnownFileType = sourcecode.swift; path = UserSettings.swift; sourceTree = "<group>"; };
		5750D8F41AF82ADD00D93191 /* DiscoverMapViewController.swift */ = {isa = PBXFileReference; fileEncoding = 4; lastKnownFileType = sourcecode.swift; path = DiscoverMapViewController.swift; sourceTree = "<group>"; };
		5750D8F71AF93C7500D93191 /* CDReference.swift */ = {isa = PBXFileReference; fileEncoding = 4; lastKnownFileType = sourcecode.swift; path = CDReference.swift; sourceTree = "<group>"; };
		5750D8FA1AF93CA900D93191 /* SocialExplorerModel.xcdatamodel */ = {isa = PBXFileReference; lastKnownFileType = wrapper.xcdatamodel; path = SocialExplorerModel.xcdatamodel; sourceTree = "<group>"; };
		5750D8FE1AF93D6400D93191 /* CoreDataStackManager.swift */ = {isa = PBXFileReference; fileEncoding = 4; lastKnownFileType = sourcecode.swift; path = CoreDataStackManager.swift; sourceTree = "<group>"; };
		5750D9011AF94B7300D93191 /* ReferenceViewController.swift */ = {isa = PBXFileReference; fileEncoding = 4; lastKnownFileType = sourcecode.swift; path = ReferenceViewController.swift; sourceTree = "<group>"; };
		5750D9031AF96D3500D93191 /* UIKitExtensions.swift */ = {isa = PBXFileReference; fileEncoding = 4; lastKnownFileType = sourcecode.swift; path = UIKitExtensions.swift; sourceTree = "<group>"; };
		5750D90A1AF97AF400D93191 /* InstagramClient.swift */ = {isa = PBXFileReference; fileEncoding = 4; lastKnownFileType = sourcecode.swift; path = InstagramClient.swift; sourceTree = "<group>"; };
		5750D90C1AF9831300D93191 /* FoundationExtensions.swift */ = {isa = PBXFileReference; fileEncoding = 4; lastKnownFileType = sourcecode.swift; path = FoundationExtensions.swift; sourceTree = "<group>"; };
		575510EF1B0013AB0065C834 /* PinAnnotation.swift */ = {isa = PBXFileReference; fileEncoding = 4; lastKnownFileType = sourcecode.swift; path = PinAnnotation.swift; sourceTree = "<group>"; };
		577D70BC1B014FA8009CF1D1 /* MediaViewController.swift */ = {isa = PBXFileReference; fileEncoding = 4; lastKnownFileType = sourcecode.swift; path = MediaViewController.swift; sourceTree = "<group>"; };
		57ADE4141AF67259004C3690 /* SocialExplorer.app */ = {isa = PBXFileReference; explicitFileType = wrapper.application; includeInIndex = 0; path = SocialExplorer.app; sourceTree = BUILT_PRODUCTS_DIR; };
		57ADE4181AF6725A004C3690 /* Info.plist */ = {isa = PBXFileReference; lastKnownFileType = text.plist.xml; path = Info.plist; sourceTree = "<group>"; };
		57ADE4191AF6725A004C3690 /* AppDelegate.swift */ = {isa = PBXFileReference; lastKnownFileType = sourcecode.swift; path = AppDelegate.swift; sourceTree = "<group>"; };
		57ADE41B1AF6725A004C3690 /* FirstViewController.swift */ = {isa = PBXFileReference; lastKnownFileType = sourcecode.swift; path = FirstViewController.swift; sourceTree = "<group>"; };
		57ADE41E1AF6725A004C3690 /* Base */ = {isa = PBXFileReference; lastKnownFileType = file.storyboard; name = Base; path = Base.lproj/Main.storyboard; sourceTree = "<group>"; };
		57ADE4201AF6725A004C3690 /* Images.xcassets */ = {isa = PBXFileReference; lastKnownFileType = folder.assetcatalog; path = Images.xcassets; sourceTree = "<group>"; };
		57ADE4231AF6725A004C3690 /* Base */ = {isa = PBXFileReference; lastKnownFileType = file.xib; name = Base; path = Base.lproj/LaunchScreen.xib; sourceTree = "<group>"; };
		57ADE4291AF6725A004C3690 /* SocialExplorerTests.xctest */ = {isa = PBXFileReference; explicitFileType = wrapper.cfbundle; includeInIndex = 0; path = SocialExplorerTests.xctest; sourceTree = BUILT_PRODUCTS_DIR; };
		57ADE42E1AF6725A004C3690 /* Info.plist */ = {isa = PBXFileReference; lastKnownFileType = text.plist.xml; path = Info.plist; sourceTree = "<group>"; };
		57ADE42F1AF6725A004C3690 /* SocialExplorerTests.swift */ = {isa = PBXFileReference; lastKnownFileType = sourcecode.swift; path = SocialExplorerTests.swift; sourceTree = "<group>"; };
		57BD6FAB1B03A6E9005765C4 /* FavoriteViewController.swift */ = {isa = PBXFileReference; fileEncoding = 4; lastKnownFileType = sourcecode.swift; path = FavoriteViewController.swift; sourceTree = "<group>"; };
		57BD6FAE1B03A718005765C4 /* FavoriteTableViewCell.swift */ = {isa = PBXFileReference; fileEncoding = 4; lastKnownFileType = sourcecode.swift; path = FavoriteTableViewCell.swift; sourceTree = "<group>"; };
		57BD6FB01B03CD6C005765C4 /* FoursquareClient.swift */ = {isa = PBXFileReference; fileEncoding = 4; lastKnownFileType = sourcecode.swift; path = FoursquareClient.swift; sourceTree = "<group>"; };
		57BD6FB21B03CDDF005765C4 /* BaseSocialClient.swift */ = {isa = PBXFileReference; fileEncoding = 4; lastKnownFileType = sourcecode.swift; path = BaseSocialClient.swift; sourceTree = "<group>"; };
		57D2C1AF1AFABB46006C3C61 /* CDMedia.swift */ = {isa = PBXFileReference; fileEncoding = 4; lastKnownFileType = sourcecode.swift; path = CDMedia.swift; sourceTree = "<group>"; };
		57D2C1E51AFCF6F4006C3C61 /* InstagramLocationDTO.swift */ = {isa = PBXFileReference; fileEncoding = 4; lastKnownFileType = sourcecode.swift; path = InstagramLocationDTO.swift; sourceTree = "<group>"; };
		57D2C1E81AFD07C2006C3C61 /* ErrorUtils.swift */ = {isa = PBXFileReference; fileEncoding = 4; lastKnownFileType = sourcecode.swift; path = ErrorUtils.swift; sourceTree = "<group>"; };
		57D2C1EA1AFD0BC1006C3C61 /* InstagramMediaDTO.swift */ = {isa = PBXFileReference; fileEncoding = 4; lastKnownFileType = sourcecode.swift; path = InstagramMediaDTO.swift; sourceTree = "<group>"; };
		57D2C1EC1AFD7339006C3C61 /* CDLocation.swift */ = {isa = PBXFileReference; fileEncoding = 4; lastKnownFileType = sourcecode.swift; path = CDLocation.swift; sourceTree = "<group>"; };
		57D2C1EE1AFE3ADB006C3C61 /* SyncManager.swift */ = {isa = PBXFileReference; fileEncoding = 4; lastKnownFileType = sourcecode.swift; path = SyncManager.swift; sourceTree = "<group>"; };
		57DC7EBB1B00E6C7004C6FF6 /* MediaTableViewCell.swift */ = {isa = PBXFileReference; fileEncoding = 4; lastKnownFileType = sourcecode.swift; path = MediaTableViewCell.swift; sourceTree = "<group>"; };
		57DC7EC01B00EDF1004C6FF6 /* Coordenable.swift */ = {isa = PBXFileReference; fileEncoding = 4; lastKnownFileType = sourcecode.swift; path = Coordenable.swift; sourceTree = "<group>"; };
		689D50B200AA8C346D5ED51E /* Pods.release.xcconfig */ = {isa = PBXFileReference; includeInIndex = 1; lastKnownFileType = text.xcconfig; name = Pods.release.xcconfig; path = "Pods/Target Support Files/Pods/Pods.release.xcconfig"; sourceTree = "<group>"; };
		C8C7C0685EBB16728355165C /* Pods.debug.xcconfig */ = {isa = PBXFileReference; includeInIndex = 1; lastKnownFileType = text.xcconfig; name = Pods.debug.xcconfig; path = "Pods/Target Support Files/Pods/Pods.debug.xcconfig"; sourceTree = "<group>"; };
		CC0FC88CB1475B41DF71C662 /* Pods.framework */ = {isa = PBXFileReference; explicitFileType = wrapper.framework; includeInIndex = 0; path = Pods.framework; sourceTree = BUILT_PRODUCTS_DIR; };
/* End PBXFileReference section */

/* Begin PBXFrameworksBuildPhase section */
		57ADE4111AF67259004C3690 /* Frameworks */ = {
			isa = PBXFrameworksBuildPhase;
			buildActionMask = 2147483647;
			files = (
				5701E7CD1AF6733D0021547D /* MapKit.framework in Frameworks */,
				4682C700DA255FE09227B1FC /* Pods.framework in Frameworks */,
			);
			runOnlyForDeploymentPostprocessing = 0;
		};
		57ADE4261AF6725A004C3690 /* Frameworks */ = {
			isa = PBXFrameworksBuildPhase;
			buildActionMask = 2147483647;
			files = (
			);
			runOnlyForDeploymentPostprocessing = 0;
		};
/* End PBXFrameworksBuildPhase section */

/* Begin PBXGroup section */
		570822861AF7FF61007B09C3 /* Settings */ = {
			isa = PBXGroup;
			children = (
				570822841AF7FBCD007B09C3 /* SettingsViewController.swift */,
				572E66611AF80F7600591A48 /* UserSettings.swift */,
			);
			name = Settings;
			sourceTree = "<group>";
		};
		570822871AF7FF76007B09C3 /* Utils */ = {
			isa = PBXGroup;
			children = (
				5701E7D01AF67A080021547D /* Utils.swift */,
				5701E7CE1AF678C30021547D /* ProjectExtensions.swift */,
				5750D9031AF96D3500D93191 /* UIKitExtensions.swift */,
				5750D90C1AF9831300D93191 /* FoundationExtensions.swift */,
				57D2C1E81AFD07C2006C3C61 /* ErrorUtils.swift */,
			);
			name = Utils;
			sourceTree = "<group>";
		};
		570822881AF7FF8A007B09C3 /* Start */ = {
			isa = PBXGroup;
			children = (
				57ADE41B1AF6725A004C3690 /* FirstViewController.swift */,
			);
			name = Start;
			sourceTree = "<group>";
		};
		571539971B03FDB900EE390D /* DTO */ = {
			isa = PBXGroup;
			children = (
				571539981B03FDC200EE390D /* FoursquareLocationDTO.swift */,
				5715399A1B04003400EE390D /* FoursquarePhotoDTO.swift */,
			);
			name = DTO;
			sourceTree = "<group>";
		};
		5750D8F61AF92E8200D93191 /* Discovery map */ = {
			isa = PBXGroup;
			children = (
				5750D8F41AF82ADD00D93191 /* DiscoverMapViewController.swift */,
				575510EF1B0013AB0065C834 /* PinAnnotation.swift */,
			);
			name = "Discovery map";
			sourceTree = "<group>";
		};
		5750D8FC1AF93CB700D93191 /* Core Data */ = {
			isa = PBXGroup;
			children = (
				5750D8F91AF93CA900D93191 /* SocialExplorerModel.xcdatamodeld */,
				5750D8FD1AF93CD600D93191 /* Model */,
				5750D9001AF94AAC00D93191 /* Core */,
			);
			name = "Core Data";
			sourceTree = "<group>";
		};
		5750D8FD1AF93CD600D93191 /* Model */ = {
			isa = PBXGroup;
			children = (
				5750D8F71AF93C7500D93191 /* CDReference.swift */,
				57D2C1EC1AFD7339006C3C61 /* CDLocation.swift */,
				57D2C1AF1AFABB46006C3C61 /* CDMedia.swift */,
				57DC7EC01B00EDF1004C6FF6 /* Coordenable.swift */,
			);
			name = Model;
			sourceTree = "<group>";
		};
		5750D9001AF94AAC00D93191 /* Core */ = {
			isa = PBXGroup;
			children = (
				5750D8FE1AF93D6400D93191 /* CoreDataStackManager.swift */,
			);
			name = Core;
			sourceTree = "<group>";
		};
		5750D9091AF9767000D93191 /* Network */ = {
			isa = PBXGroup;
			children = (
				57D2C1EE1AFE3ADB006C3C61 /* SyncManager.swift */,
				57BD6FB51B03D342005765C4 /* Common */,
				57D2C1E41AFBFF86006C3C61 /* Instagram */,
				57BD6FB41B03D331005765C4 /* Foursquare */,
			);
			name = Network;
			sourceTree = "<group>";
		};
		577D70BE1B015690009CF1D1 /* View */ = {
			isa = PBXGroup;
			children = (
				57BD6FAA1B03A6D9005765C4 /* Favorite */,
				570822881AF7FF8A007B09C3 /* Start */,
				5750D8F61AF92E8200D93191 /* Discovery map */,
				57DC7EBD1B00EAEF004C6FF6 /* Reference */,
			);
			name = View;
			sourceTree = "<group>";
		};
		577D70BF1B01569A009CF1D1 /* Service */ = {
			isa = PBXGroup;
			children = (
			);
			name = Service;
			sourceTree = "<group>";
		};
		57ADE40B1AF67259004C3690 = {
			isa = PBXGroup;
			children = (
				57ADE4161AF67259004C3690 /* SocialExplorer */,
				57ADE42C1AF6725A004C3690 /* SocialExplorerTests */,
				57ADE4151AF67259004C3690 /* Products */,
				655A3C721308B859CACE12FF /* Pods */,
				C4F62457F1F2FEA48EB8B5C9 /* Frameworks */,
			);
			sourceTree = "<group>";
		};
		57ADE4151AF67259004C3690 /* Products */ = {
			isa = PBXGroup;
			children = (
				57ADE4141AF67259004C3690 /* SocialExplorer.app */,
				57ADE4291AF6725A004C3690 /* SocialExplorerTests.xctest */,
			);
			name = Products;
			sourceTree = "<group>";
		};
		57ADE4161AF67259004C3690 /* SocialExplorer */ = {
			isa = PBXGroup;
			children = (
				5701E7D21AF67A920021547D /* Config.swift */,
				57ADE4191AF6725A004C3690 /* AppDelegate.swift */,
				57ADE41D1AF6725A004C3690 /* Main.storyboard */,
				577D70BE1B015690009CF1D1 /* View */,
				577D70BF1B01569A009CF1D1 /* Service */,
				5750D9091AF9767000D93191 /* Network */,
				570822861AF7FF61007B09C3 /* Settings */,
				5750D8FC1AF93CB700D93191 /* Core Data */,
				570822871AF7FF76007B09C3 /* Utils */,
				57ADE4171AF67259004C3690 /* Supporting Files */,
				57ADE4201AF6725A004C3690 /* Images.xcassets */,
				57ADE4221AF6725A004C3690 /* LaunchScreen.xib */,
			);
			path = SocialExplorer;
			sourceTree = "<group>";
		};
		57ADE4171AF67259004C3690 /* Supporting Files */ = {
			isa = PBXGroup;
			children = (
				57ADE4181AF6725A004C3690 /* Info.plist */,
			);
			name = "Supporting Files";
			sourceTree = "<group>";
		};
		57ADE42C1AF6725A004C3690 /* SocialExplorerTests */ = {
			isa = PBXGroup;
			children = (
				57ADE42F1AF6725A004C3690 /* SocialExplorerTests.swift */,
				57ADE42D1AF6725A004C3690 /* Supporting Files */,
			);
			path = SocialExplorerTests;
			sourceTree = "<group>";
		};
		57ADE42D1AF6725A004C3690 /* Supporting Files */ = {
			isa = PBXGroup;
			children = (
				57ADE42E1AF6725A004C3690 /* Info.plist */,
			);
			name = "Supporting Files";
			sourceTree = "<group>";
		};
		57BD6FA91B038070005765C4 /* cell */ = {
			isa = PBXGroup;
			children = (
				57DC7EBB1B00E6C7004C6FF6 /* MediaTableViewCell.swift */,
			);
			name = cell;
			sourceTree = "<group>";
		};
		57BD6FAA1B03A6D9005765C4 /* Favorite */ = {
			isa = PBXGroup;
			children = (
				57BD6FAD1B03A708005765C4 /* Cell */,
				57BD6FAB1B03A6E9005765C4 /* FavoriteViewController.swift */,
			);
			name = Favorite;
			sourceTree = "<group>";
		};
		57BD6FAD1B03A708005765C4 /* Cell */ = {
			isa = PBXGroup;
			children = (
				57BD6FAE1B03A718005765C4 /* FavoriteTableViewCell.swift */,
			);
			name = Cell;
			sourceTree = "<group>";
		};
		57BD6FB41B03D331005765C4 /* Foursquare */ = {
			isa = PBXGroup;
			children = (
				571539971B03FDB900EE390D /* DTO */,
				57BD6FB01B03CD6C005765C4 /* FoursquareClient.swift */,
			);
			name = Foursquare;
			sourceTree = "<group>";
		};
		57BD6FB51B03D342005765C4 /* Common */ = {
			isa = PBXGroup;
			children = (
				57BD6FB21B03CDDF005765C4 /* BaseSocialClient.swift */,
			);
			name = Common;
			sourceTree = "<group>";
		};
		57D2C1E41AFBFF86006C3C61 /* Instagram */ = {
			isa = PBXGroup;
			children = (
				57D2C1E71AFCF8F4006C3C61 /* DTO */,
				5750D90A1AF97AF400D93191 /* InstagramClient.swift */,
			);
			name = Instagram;
			sourceTree = "<group>";
		};
		57D2C1E71AFCF8F4006C3C61 /* DTO */ = {
			isa = PBXGroup;
			children = (
				57D2C1E51AFCF6F4006C3C61 /* InstagramLocationDTO.swift */,
				57D2C1EA1AFD0BC1006C3C61 /* InstagramMediaDTO.swift */,
			);
			name = DTO;
			sourceTree = "<group>";
		};
		57DC7EBD1B00EAEF004C6FF6 /* Reference */ = {
			isa = PBXGroup;
			children = (
				57BD6FA91B038070005765C4 /* cell */,
				5750D9011AF94B7300D93191 /* ReferenceViewController.swift */,
				577D70BC1B014FA8009CF1D1 /* MediaViewController.swift */,
			);
			name = Reference;
			sourceTree = "<group>";
		};
		655A3C721308B859CACE12FF /* Pods */ = {
			isa = PBXGroup;
			children = (
				C8C7C0685EBB16728355165C /* Pods.debug.xcconfig */,
				689D50B200AA8C346D5ED51E /* Pods.release.xcconfig */,
			);
			name = Pods;
			sourceTree = "<group>";
		};
		C4F62457F1F2FEA48EB8B5C9 /* Frameworks */ = {
			isa = PBXGroup;
			children = (
				5701E7CC1AF6733D0021547D /* MapKit.framework */,
				CC0FC88CB1475B41DF71C662 /* Pods.framework */,
			);
			name = Frameworks;
			sourceTree = "<group>";
		};
/* End PBXGroup section */

/* Begin PBXNativeTarget section */
		57ADE4131AF67259004C3690 /* SocialExplorer */ = {
			isa = PBXNativeTarget;
			buildConfigurationList = 57ADE4331AF6725A004C3690 /* Build configuration list for PBXNativeTarget "SocialExplorer" */;
			buildPhases = (
				9E79133C5526236659D7467E /* Check Pods Manifest.lock */,
				57ADE4101AF67259004C3690 /* Sources */,
				57ADE4111AF67259004C3690 /* Frameworks */,
				57ADE4121AF67259004C3690 /* Resources */,
				B99D4489F6B9182D8FE44093 /* Embed Pods Frameworks */,
				4E1AA8EA4D3B7B2A32D94125 /* Copy Pods Resources */,
			);
			buildRules = (
			);
			dependencies = (
			);
			name = SocialExplorer;
			productName = SocialExplorer;
			productReference = 57ADE4141AF67259004C3690 /* SocialExplorer.app */;
			productType = "com.apple.product-type.application";
		};
		57ADE4281AF6725A004C3690 /* SocialExplorerTests */ = {
			isa = PBXNativeTarget;
			buildConfigurationList = 57ADE4361AF6725A004C3690 /* Build configuration list for PBXNativeTarget "SocialExplorerTests" */;
			buildPhases = (
				57ADE4251AF6725A004C3690 /* Sources */,
				57ADE4261AF6725A004C3690 /* Frameworks */,
				57ADE4271AF6725A004C3690 /* Resources */,
			);
			buildRules = (
			);
			dependencies = (
				57ADE42B1AF6725A004C3690 /* PBXTargetDependency */,
			);
			name = SocialExplorerTests;
			productName = SocialExplorerTests;
			productReference = 57ADE4291AF6725A004C3690 /* SocialExplorerTests.xctest */;
			productType = "com.apple.product-type.bundle.unit-test";
		};
/* End PBXNativeTarget section */

/* Begin PBXProject section */
		57ADE40C1AF67259004C3690 /* Project object */ = {
			isa = PBXProject;
			attributes = {
				LastUpgradeCheck = 0630;
				ORGANIZATIONNAME = "Humberto Aquino";
				TargetAttributes = {
					57ADE4131AF67259004C3690 = {
						CreatedOnToolsVersion = 6.3.1;
						DevelopmentTeam = 67458Y5PZQ;
						SystemCapabilities = {
							com.apple.Maps.iOS = {
								enabled = 1;
							};
						};
					};
					57ADE4281AF6725A004C3690 = {
						CreatedOnToolsVersion = 6.3.1;
						TestTargetID = 57ADE4131AF67259004C3690;
					};
				};
			};
			buildConfigurationList = 57ADE40F1AF67259004C3690 /* Build configuration list for PBXProject "SocialExplorer" */;
			compatibilityVersion = "Xcode 3.2";
			developmentRegion = English;
			hasScannedForEncodings = 0;
			knownRegions = (
				en,
				Base,
			);
			mainGroup = 57ADE40B1AF67259004C3690;
			productRefGroup = 57ADE4151AF67259004C3690 /* Products */;
			projectDirPath = "";
			projectRoot = "";
			targets = (
				57ADE4131AF67259004C3690 /* SocialExplorer */,
				57ADE4281AF6725A004C3690 /* SocialExplorerTests */,
			);
		};
/* End PBXProject section */

/* Begin PBXResourcesBuildPhase section */
		57ADE4121AF67259004C3690 /* Resources */ = {
			isa = PBXResourcesBuildPhase;
			buildActionMask = 2147483647;
			files = (
				57ADE41F1AF6725A004C3690 /* Main.storyboard in Resources */,
				57ADE4241AF6725A004C3690 /* LaunchScreen.xib in Resources */,
				57ADE4211AF6725A004C3690 /* Images.xcassets in Resources */,
			);
			runOnlyForDeploymentPostprocessing = 0;
		};
		57ADE4271AF6725A004C3690 /* Resources */ = {
			isa = PBXResourcesBuildPhase;
			buildActionMask = 2147483647;
			files = (
			);
			runOnlyForDeploymentPostprocessing = 0;
		};
/* End PBXResourcesBuildPhase section */

/* Begin PBXShellScriptBuildPhase section */
		4E1AA8EA4D3B7B2A32D94125 /* Copy Pods Resources */ = {
			isa = PBXShellScriptBuildPhase;
			buildActionMask = 2147483647;
			files = (
			);
			inputPaths = (
			);
			name = "Copy Pods Resources";
			outputPaths = (
			);
			runOnlyForDeploymentPostprocessing = 0;
			shellPath = /bin/sh;
			shellScript = "\"${SRCROOT}/Pods/Target Support Files/Pods/Pods-resources.sh\"\n";
			showEnvVarsInLog = 0;
		};
		9E79133C5526236659D7467E /* Check Pods Manifest.lock */ = {
			isa = PBXShellScriptBuildPhase;
			buildActionMask = 2147483647;
			files = (
			);
			inputPaths = (
			);
			name = "Check Pods Manifest.lock";
			outputPaths = (
			);
			runOnlyForDeploymentPostprocessing = 0;
			shellPath = /bin/sh;
			shellScript = "diff \"${PODS_ROOT}/../Podfile.lock\" \"${PODS_ROOT}/Manifest.lock\" > /dev/null\nif [[ $? != 0 ]] ; then\n    cat << EOM\nerror: The sandbox is not in sync with the Podfile.lock. Run 'pod install' or update your CocoaPods installation.\nEOM\n    exit 1\nfi\n";
			showEnvVarsInLog = 0;
		};
		B99D4489F6B9182D8FE44093 /* Embed Pods Frameworks */ = {
			isa = PBXShellScriptBuildPhase;
			buildActionMask = 2147483647;
			files = (
			);
			inputPaths = (
			);
			name = "Embed Pods Frameworks";
			outputPaths = (
			);
			runOnlyForDeploymentPostprocessing = 0;
			shellPath = /bin/sh;
			shellScript = "\"${SRCROOT}/Pods/Target Support Files/Pods/Pods-frameworks.sh\"\n";
			showEnvVarsInLog = 0;
		};
/* End PBXShellScriptBuildPhase section */

/* Begin PBXSourcesBuildPhase section */
		57ADE4101AF67259004C3690 /* Sources */ = {
			isa = PBXSourcesBuildPhase;
			buildActionMask = 2147483647;
			files = (
				57ADE41C1AF6725A004C3690 /* FirstViewController.swift in Sources */,
				57ADE41A1AF6725A004C3690 /* AppDelegate.swift in Sources */,
				5750D8FF1AF93D6400D93191 /* CoreDataStackManager.swift in Sources */,
				57D2C1E61AFCF6F4006C3C61 /* InstagramLocationDTO.swift in Sources */,
				5750D8FB1AF93CA900D93191 /* SocialExplorerModel.xcdatamodeld in Sources */,
				57D2C1B01AFABB46006C3C61 /* CDMedia.swift in Sources */,
				577D70BD1B014FA9009CF1D1 /* MediaViewController.swift in Sources */,
				5715399B1B04003400EE390D /* FoursquarePhotoDTO.swift in Sources */,
				5750D8F81AF93C7500D93191 /* CDReference.swift in Sources */,
				575510F01B0013AB0065C834 /* PinAnnotation.swift in Sources */,
				571539991B03FDC200EE390D /* FoursquareLocationDTO.swift in Sources */,
				57BD6FB11B03CD6C005765C4 /* FoursquareClient.swift in Sources */,
				5701E7D31AF67A920021547D /* Config.swift in Sources */,
				5750D9021AF94B7300D93191 /* ReferenceViewController.swift in Sources */,
				5701E7CF1AF678C30021547D /* ProjectExtensions.swift in Sources */,
				5750D9041AF96D3500D93191 /* UIKitExtensions.swift in Sources */,
				57BD6FAF1B03A718005765C4 /* FavoriteTableViewCell.swift in Sources */,
				57D2C1EB1AFD0BC1006C3C61 /* InstagramMediaDTO.swift in Sources */,
				572E66621AF80F7600591A48 /* UserSettings.swift in Sources */,
				57D2C1E91AFD07C2006C3C61 /* ErrorUtils.swift in Sources */,
				5701E7D11AF67A080021547D /* Utils.swift in Sources */,
				57D2C1EF1AFE3ADB006C3C61 /* SyncManager.swift in Sources */,
				5750D90D1AF9831300D93191 /* FoundationExtensions.swift in Sources */,
				57DC7EC11B00EDF1004C6FF6 /* Coordenable.swift in Sources */,
				5750D8F51AF82ADD00D93191 /* DiscoverMapViewController.swift in Sources */,
				57D2C1ED1AFD7339006C3C61 /* CDLocation.swift in Sources */,
				57BD6FAC1B03A6E9005765C4 /* FavoriteViewController.swift in Sources */,
				570822851AF7FBCD007B09C3 /* SettingsViewController.swift in Sources */,
				57DC7EBC1B00E6C7004C6FF6 /* MediaTableViewCell.swift in Sources */,
				57BD6FB31B03CDDF005765C4 /* BaseSocialClient.swift in Sources */,
				5750D90B1AF97AF400D93191 /* InstagramClient.swift in Sources */,
			);
			runOnlyForDeploymentPostprocessing = 0;
		};
		57ADE4251AF6725A004C3690 /* Sources */ = {
			isa = PBXSourcesBuildPhase;
			buildActionMask = 2147483647;
			files = (
				57ADE4301AF6725A004C3690 /* SocialExplorerTests.swift in Sources */,
			);
			runOnlyForDeploymentPostprocessing = 0;
		};
/* End PBXSourcesBuildPhase section */

/* Begin PBXTargetDependency section */
		57ADE42B1AF6725A004C3690 /* PBXTargetDependency */ = {
			isa = PBXTargetDependency;
			target = 57ADE4131AF67259004C3690 /* SocialExplorer */;
			targetProxy = 57ADE42A1AF6725A004C3690 /* PBXContainerItemProxy */;
		};
/* End PBXTargetDependency section */

/* Begin PBXVariantGroup section */
		57ADE41D1AF6725A004C3690 /* Main.storyboard */ = {
			isa = PBXVariantGroup;
			children = (
				57ADE41E1AF6725A004C3690 /* Base */,
			);
			name = Main.storyboard;
			sourceTree = "<group>";
		};
		57ADE4221AF6725A004C3690 /* LaunchScreen.xib */ = {
			isa = PBXVariantGroup;
			children = (
				57ADE4231AF6725A004C3690 /* Base */,
			);
			name = LaunchScreen.xib;
			sourceTree = "<group>";
		};
/* End PBXVariantGroup section */

/* Begin XCBuildConfiguration section */
		57ADE4311AF6725A004C3690 /* Debug */ = {
			isa = XCBuildConfiguration;
			buildSettings = {
				ALWAYS_SEARCH_USER_PATHS = NO;
				CLANG_CXX_LANGUAGE_STANDARD = "gnu++0x";
				CLANG_CXX_LIBRARY = "libc++";
				CLANG_ENABLE_MODULES = YES;
				CLANG_ENABLE_OBJC_ARC = YES;
				CLANG_WARN_BOOL_CONVERSION = YES;
				CLANG_WARN_CONSTANT_CONVERSION = YES;
				CLANG_WARN_DIRECT_OBJC_ISA_USAGE = YES_ERROR;
				CLANG_WARN_EMPTY_BODY = YES;
				CLANG_WARN_ENUM_CONVERSION = YES;
				CLANG_WARN_INT_CONVERSION = YES;
				CLANG_WARN_OBJC_ROOT_CLASS = YES_ERROR;
				CLANG_WARN_UNREACHABLE_CODE = YES;
				CLANG_WARN__DUPLICATE_METHOD_MATCH = YES;
				"CODE_SIGN_IDENTITY[sdk=iphoneos*]" = "iPhone Developer";
				COPY_PHASE_STRIP = NO;
				DEBUG_INFORMATION_FORMAT = "dwarf-with-dsym";
				ENABLE_STRICT_OBJC_MSGSEND = YES;
				GCC_C_LANGUAGE_STANDARD = gnu99;
				GCC_DYNAMIC_NO_PIC = NO;
				GCC_NO_COMMON_BLOCKS = YES;
				GCC_OPTIMIZATION_LEVEL = 0;
				GCC_PREPROCESSOR_DEFINITIONS = (
					"DEBUG=1",
					"$(inherited)",
				);
				GCC_SYMBOLS_PRIVATE_EXTERN = NO;
				GCC_WARN_64_TO_32_BIT_CONVERSION = YES;
				GCC_WARN_ABOUT_RETURN_TYPE = YES_ERROR;
				GCC_WARN_UNDECLARED_SELECTOR = YES;
				GCC_WARN_UNINITIALIZED_AUTOS = YES_AGGRESSIVE;
				GCC_WARN_UNUSED_FUNCTION = YES;
				GCC_WARN_UNUSED_VARIABLE = YES;
				IPHONEOS_DEPLOYMENT_TARGET = 8.3;
				MTL_ENABLE_DEBUG_INFO = YES;
				ONLY_ACTIVE_ARCH = YES;
				SDKROOT = iphoneos;
				SWIFT_OPTIMIZATION_LEVEL = "-Onone";
			};
			name = Debug;
		};
		57ADE4321AF6725A004C3690 /* Release */ = {
			isa = XCBuildConfiguration;
			buildSettings = {
				ALWAYS_SEARCH_USER_PATHS = NO;
				CLANG_CXX_LANGUAGE_STANDARD = "gnu++0x";
				CLANG_CXX_LIBRARY = "libc++";
				CLANG_ENABLE_MODULES = YES;
				CLANG_ENABLE_OBJC_ARC = YES;
				CLANG_WARN_BOOL_CONVERSION = YES;
				CLANG_WARN_CONSTANT_CONVERSION = YES;
				CLANG_WARN_DIRECT_OBJC_ISA_USAGE = YES_ERROR;
				CLANG_WARN_EMPTY_BODY = YES;
				CLANG_WARN_ENUM_CONVERSION = YES;
				CLANG_WARN_INT_CONVERSION = YES;
				CLANG_WARN_OBJC_ROOT_CLASS = YES_ERROR;
				CLANG_WARN_UNREACHABLE_CODE = YES;
				CLANG_WARN__DUPLICATE_METHOD_MATCH = YES;
				"CODE_SIGN_IDENTITY[sdk=iphoneos*]" = "iPhone Developer";
				COPY_PHASE_STRIP = NO;
				DEBUG_INFORMATION_FORMAT = "dwarf-with-dsym";
				ENABLE_NS_ASSERTIONS = NO;
				ENABLE_STRICT_OBJC_MSGSEND = YES;
				GCC_C_LANGUAGE_STANDARD = gnu99;
				GCC_NO_COMMON_BLOCKS = YES;
				GCC_WARN_64_TO_32_BIT_CONVERSION = YES;
				GCC_WARN_ABOUT_RETURN_TYPE = YES_ERROR;
				GCC_WARN_UNDECLARED_SELECTOR = YES;
				GCC_WARN_UNINITIALIZED_AUTOS = YES_AGGRESSIVE;
				GCC_WARN_UNUSED_FUNCTION = YES;
				GCC_WARN_UNUSED_VARIABLE = YES;
				IPHONEOS_DEPLOYMENT_TARGET = 8.3;
				MTL_ENABLE_DEBUG_INFO = NO;
				SDKROOT = iphoneos;
				VALIDATE_PRODUCT = YES;
			};
			name = Release;
		};
		57ADE4341AF6725A004C3690 /* Debug */ = {
			isa = XCBuildConfiguration;
			baseConfigurationReference = C8C7C0685EBB16728355165C /* Pods.debug.xcconfig */;
			buildSettings = {
				ASSETCATALOG_COMPILER_APPICON_NAME = AppIcon;
				CODE_SIGN_IDENTITY = "iPhone Developer";
				INFOPLIST_FILE = SocialExplorer/Info.plist;
				LD_RUNPATH_SEARCH_PATHS = "$(inherited) @executable_path/Frameworks";
				PRODUCT_NAME = "$(TARGET_NAME)";
			};
			name = Debug;
		};
		57ADE4351AF6725A004C3690 /* Release */ = {
			isa = XCBuildConfiguration;
			baseConfigurationReference = 689D50B200AA8C346D5ED51E /* Pods.release.xcconfig */;
			buildSettings = {
				ASSETCATALOG_COMPILER_APPICON_NAME = AppIcon;
				CODE_SIGN_IDENTITY = "iPhone Developer";
				INFOPLIST_FILE = SocialExplorer/Info.plist;
				LD_RUNPATH_SEARCH_PATHS = "$(inherited) @executable_path/Frameworks";
				PRODUCT_NAME = "$(TARGET_NAME)";
			};
			name = Release;
		};
		57ADE4371AF6725A004C3690 /* Debug */ = {
			isa = XCBuildConfiguration;
			buildSettings = {
				BUNDLE_LOADER = "$(TEST_HOST)";
				FRAMEWORK_SEARCH_PATHS = (
					"$(SDKROOT)/Developer/Library/Frameworks",
					"$(inherited)",
				);
				GCC_PREPROCESSOR_DEFINITIONS = (
					"DEBUG=1",
					"$(inherited)",
				);
				INFOPLIST_FILE = SocialExplorerTests/Info.plist;
				LD_RUNPATH_SEARCH_PATHS = "$(inherited) @executable_path/Frameworks @loader_path/Frameworks";
				PRODUCT_NAME = "$(TARGET_NAME)";
				TEST_HOST = "$(BUILT_PRODUCTS_DIR)/SocialExplorer.app/SocialExplorer";
			};
			name = Debug;
		};
		57ADE4381AF6725A004C3690 /* Release */ = {
			isa = XCBuildConfiguration;
			buildSettings = {
				BUNDLE_LOADER = "$(TEST_HOST)";
				FRAMEWORK_SEARCH_PATHS = (
					"$(SDKROOT)/Developer/Library/Frameworks",
					"$(inherited)",
				);
				INFOPLIST_FILE = SocialExplorerTests/Info.plist;
				LD_RUNPATH_SEARCH_PATHS = "$(inherited) @executable_path/Frameworks @loader_path/Frameworks";
				PRODUCT_NAME = "$(TARGET_NAME)";
				TEST_HOST = "$(BUILT_PRODUCTS_DIR)/SocialExplorer.app/SocialExplorer";
			};
			name = Release;
		};
/* End XCBuildConfiguration section */

/* Begin XCConfigurationList section */
		57ADE40F1AF67259004C3690 /* Build configuration list for PBXProject "SocialExplorer" */ = {
			isa = XCConfigurationList;
			buildConfigurations = (
				57ADE4311AF6725A004C3690 /* Debug */,
				57ADE4321AF6725A004C3690 /* Release */,
			);
			defaultConfigurationIsVisible = 0;
			defaultConfigurationName = Release;
		};
		57ADE4331AF6725A004C3690 /* Build configuration list for PBXNativeTarget "SocialExplorer" */ = {
			isa = XCConfigurationList;
			buildConfigurations = (
				57ADE4341AF6725A004C3690 /* Debug */,
				57ADE4351AF6725A004C3690 /* Release */,
			);
			defaultConfigurationIsVisible = 0;
			defaultConfigurationName = Release;
		};
		57ADE4361AF6725A004C3690 /* Build configuration list for PBXNativeTarget "SocialExplorerTests" */ = {
			isa = XCConfigurationList;
			buildConfigurations = (
				57ADE4371AF6725A004C3690 /* Debug */,
				57ADE4381AF6725A004C3690 /* Release */,
			);
			defaultConfigurationIsVisible = 0;
			defaultConfigurationName = Release;
		};
/* End XCConfigurationList section */

/* Begin XCVersionGroup section */
		5750D8F91AF93CA900D93191 /* SocialExplorerModel.xcdatamodeld */ = {
			isa = XCVersionGroup;
			children = (
				5750D8FA1AF93CA900D93191 /* SocialExplorerModel.xcdatamodel */,
			);
			currentVersion = 5750D8FA1AF93CA900D93191 /* SocialExplorerModel.xcdatamodel */;
			path = SocialExplorerModel.xcdatamodeld;
			sourceTree = "<group>";
			versionGroupType = wrapper.xcdatamodel;
		};
/* End XCVersionGroup section */
	};
	rootObject = 57ADE40C1AF67259004C3690 /* Project object */;
}
